
Microsoft Visual Studio Solution File, Format Version 12.00
# Visual Studio 2012
Project("{FAE04EC0-301F-11D3-BF4B-00C04F79EFBC}") = "ODBCSelect", "ODBCSelect\ODBCSelect.csproj", "{D3741040-8D3B-48A4-861A-C71F8BBD5ACE}"
EndProject
Global
	GlobalSection(SolutionConfigurationPlatforms) = preSolution
		Debug|Any CPU = Debug|Any CPU
		Release|Any CPU = Release|Any CPU
	EndGlobalSection
	GlobalSection(ProjectConfigurationPlatforms) = postSolution
		{D3741040-8D3B-48A4-861A-C71F8BBD5ACE}.Debug|Any CPU.ActiveCfg = Debug|Any CPU
		{D3741040-8D3B-48A4-861A-C71F8BBD5ACE}.Debug|Any CPU.Build.0 = Debug|Any CPU
		{D3741040-8D3B-48A4-861A-C71F8BBD5ACE}.Release|Any CPU.ActiveCfg = Release|Any CPU
		{D3741040-8D3B-48A4-861A-C71F8BBD5ACE}.Release|Any CPU.Build.0 = Release|Any CPU
	EndGlobalSection
	GlobalSection(SolutionProperties) = preSolution
		HideSolutionNode = FALSE
	EndGlobalSection
EndGlobal
